
Microsoft Visual Studio Solution File, Format Version 12.00
# Visual Studio 15
VisualStudioVersion = 15.0.27703.2026
MinimumVisualStudioVersion = 10.0.40219.1
Project("{FAE04EC0-301F-11D3-BF4B-00C04F79EFBC}") = "Training.Git", "Training.Git\Training.Git.csproj", "{EE2817A7-3537-4D01-97B3-D17528784D98}"
EndProject
Global
	GlobalSection(SolutionConfigurationPlatforms) = preSolution
		Debug|Any CPU = Debug|Any CPU
		Release|Any CPU = Release|Any CPU
	EndGlobalSection
	GlobalSection(ProjectConfigurationPlatforms) = postSolution
		{EE2817A7-3537-4D01-97B3-D17528784D98}.Debug|Any CPU.ActiveCfg = Debug|Any CPU
		{EE2817A7-3537-4D01-97B3-D17528784D98}.Debug|Any CPU.Build.0 = Debug|Any CPU
		{EE2817A7-3537-4D01-97B3-D17528784D98}.Release|Any CPU.ActiveCfg = Release|Any CPU
		{EE2817A7-3537-4D01-97B3-D17528784D98}.Release|Any CPU.Build.0 = Release|Any CPU
	EndGlobalSection
	GlobalSection(SolutionProperties) = preSolution
		HideSolutionNode = FALSE
	EndGlobalSection
	GlobalSection(ExtensibilityGlobals) = postSolution
		SolutionGuid = {DD5BD265-9B57-4D4D-B9E0-22EE8E37940D}
	EndGlobalSection
EndGlobal
